
Microsoft Visual Studio Solution File, Format Version 12.00
# Visual Studio Version 17
VisualStudioVersion = 17.0.31903.59
MinimumVisualStudioVersion = 10.0.40219.1
Project("{FAE04EC0-301F-11D3-BF4B-00C04F79EFBC}") = "AuthService", "AuthService\AuthService.csproj", "{C9DEC10C-88C5-4F56-812A-2544B79E76B7}"
EndProject
Project("{FAE04EC0-301F-11D3-BF4B-00C04F79EFBC}") = "TransactionService", "TransactionService\TransactionService.csproj", "{17C56A4D-015F-429F-952C-8ADE8375DD28}"
EndProject
Project("{FAE04EC0-301F-11D3-BF4B-00C04F79EFBC}") = "AccountService", "AccountService\AccountService.csproj", "{1F0E27B3-FBC0-EF27-E0A6-A10E2C626281}"
EndProject
Project("{2150E333-8FDC-42A3-9474-1A3956D46DE8}") = "Solution Items", "Solution Items", "{8EC462FD-D22E-90A8-E5CE-7E832BA40C5D}"
	ProjectSection(SolutionItems) = preProject
		.gitignore = .gitignore
		docker-compose.yml = docker-compose.yml
	EndProjectSection
EndProject
Project("{FAE04EC0-301F-11D3-BF4B-00C04F79EFBC}") = "DineroBank.Shared", "DineroBank.Shared\DineroBank.Shared.csproj", "{82A1C0A5-7492-76F3-8D9F-6A95F86D90CD}"
EndProject
Global
	GlobalSection(SolutionConfigurationPlatforms) = preSolution
		Debug|Any CPU = Debug|Any CPU
		Debug|x64 = Debug|x64
		Debug|x86 = Debug|x86
		Release|Any CPU = Release|Any CPU
		Release|x64 = Release|x64
		Release|x86 = Release|x86
	EndGlobalSection
	GlobalSection(ProjectConfigurationPlatforms) = postSolution
		{C9DEC10C-88C5-4F56-812A-2544B79E76B7}.Debug|Any CPU.ActiveCfg = Debug|Any CPU
		{C9DEC10C-88C5-4F56-812A-2544B79E76B7}.Debug|Any CPU.Build.0 = Debug|Any CPU
		{C9DEC10C-88C5-4F56-812A-2544B79E76B7}.Debug|x64.ActiveCfg = Debug|Any CPU
		{C9DEC10C-88C5-4F56-812A-2544B79E76B7}.Debug|x64.Build.0 = Debug|Any CPU
		{C9DEC10C-88C5-4F56-812A-2544B79E76B7}.Debug|x86.ActiveCfg = Debug|Any CPU
		{C9DEC10C-88C5-4F56-812A-2544B79E76B7}.Debug|x86.Build.0 = Debug|Any CPU
		{C9DEC10C-88C5-4F56-812A-2544B79E76B7}.Release|Any CPU.ActiveCfg = Release|Any CPU
		{C9DEC10C-88C5-4F56-812A-2544B79E76B7}.Release|Any CPU.Build.0 = Release|Any CPU
		{C9DEC10C-88C5-4F56-812A-2544B79E76B7}.Release|x64.ActiveCfg = Release|Any CPU
		{C9DEC10C-88C5-4F56-812A-2544B79E76B7}.Release|x64.Build.0 = Release|Any CPU
		{C9DEC10C-88C5-4F56-812A-2544B79E76B7}.Release|x86.ActiveCfg = Release|Any CPU
		{C9DEC10C-88C5-4F56-812A-2544B79E76B7}.Release|x86.Build.0 = Release|Any CPU
		{17C56A4D-015F-429F-952C-8ADE8375DD28}.Debug|Any CPU.ActiveCfg = Debug|Any CPU
		{17C56A4D-015F-429F-952C-8ADE8375DD28}.Debug|Any CPU.Build.0 = Debug|Any CPU
		{17C56A4D-015F-429F-952C-8ADE8375DD28}.Debug|x64.ActiveCfg = Debug|Any CPU
		{17C56A4D-015F-429F-952C-8ADE8375DD28}.Debug|x64.Build.0 = Debug|Any CPU
		{17C56A4D-015F-429F-952C-8ADE8375DD28}.Debug|x86.ActiveCfg = Debug|Any CPU
		{17C56A4D-015F-429F-952C-8ADE8375DD28}.Debug|x86.Build.0 = Debug|Any CPU
		{17C56A4D-015F-429F-952C-8ADE8375DD28}.Release|Any CPU.ActiveCfg = Release|Any CPU
		{17C56A4D-015F-429F-952C-8ADE8375DD28}.Release|Any CPU.Build.0 = Release|Any CPU
		{17C56A4D-015F-429F-952C-8ADE8375DD28}.Release|x64.ActiveCfg = Release|Any CPU
		{17C56A4D-015F-429F-952C-8ADE8375DD28}.Release|x64.Build.0 = Release|Any CPU
		{17C56A4D-015F-429F-952C-8ADE8375DD28}.Release|x86.ActiveCfg = Release|Any CPU
		{17C56A4D-015F-429F-952C-8ADE8375DD28}.Release|x86.Build.0 = Release|Any CPU
		{1F0E27B3-FBC0-EF27-E0A6-A10E2C626281}.Debug|Any CPU.ActiveCfg = Debug|Any CPU
		{1F0E27B3-FBC0-EF27-E0A6-A10E2C626281}.Debug|Any CPU.Build.0 = Debug|Any CPU
		{1F0E27B3-FBC0-EF27-E0A6-A10E2C626281}.Debug|x64.ActiveCfg = Debug|Any CPU
		{1F0E27B3-FBC0-EF27-E0A6-A10E2C626281}.Debug|x64.Build.0 = Debug|Any CPU
		{1F0E27B3-FBC0-EF27-E0A6-A10E2C626281}.Debug|x86.ActiveCfg = Debug|Any CPU
		{1F0E27B3-FBC0-EF27-E0A6-A10E2C626281}.Debug|x86.Build.0 = Debug|Any CPU
		{1F0E27B3-FBC0-EF27-E0A6-A10E2C626281}.Release|Any CPU.ActiveCfg = Release|Any CPU
		{1F0E27B3-FBC0-EF27-E0A6-A10E2C626281}.Release|Any CPU.Build.0 = Release|Any CPU
		{1F0E27B3-FBC0-EF27-E0A6-A10E2C626281}.Release|x64.ActiveCfg = Release|Any CPU
		{1F0E27B3-FBC0-EF27-E0A6-A10E2C626281}.Release|x64.Build.0 = Release|Any CPU
		{1F0E27B3-FBC0-EF27-E0A6-A10E2C626281}.Release|x86.ActiveCfg = Release|Any CPU
		{1F0E27B3-FBC0-EF27-E0A6-A10E2C626281}.Release|x86.Build.0 = Release|Any CPU
		{82A1C0A5-7492-76F3-8D9F-6A95F86D90CD}.Debug|Any CPU.ActiveCfg = Debug|Any CPU
		{82A1C0A5-7492-76F3-8D9F-6A95F86D90CD}.Debug|Any CPU.Build.0 = Debug|Any CPU
		{82A1C0A5-7492-76F3-8D9F-6A95F86D90CD}.Debug|x64.ActiveCfg = Debug|Any CPU
		{82A1C0A5-7492-76F3-8D9F-6A95F86D90CD}.Debug|x64.Build.0 = Debug|Any CPU
		{82A1C0A5-7492-76F3-8D9F-6A95F86D90CD}.Debug|x86.ActiveCfg = Debug|Any CPU
		{82A1C0A5-7492-76F3-8D9F-6A95F86D90CD}.Debug|x86.Build.0 = Debug|Any CPU
		{82A1C0A5-7492-76F3-8D9F-6A95F86D90CD}.Release|Any CPU.ActiveCfg = Release|Any CPU
		{82A1C0A5-7492-76F3-8D9F-6A95F86D90CD}.Release|Any CPU.Build.0 = Release|Any CPU
		{82A1C0A5-7492-76F3-8D9F-6A95F86D90CD}.Release|x64.ActiveCfg = Release|Any CPU
		{82A1C0A5-7492-76F3-8D9F-6A95F86D90CD}.Release|x64.Build.0 = Release|Any CPU
		{82A1C0A5-7492-76F3-8D9F-6A95F86D90CD}.Release|x86.ActiveCfg = Release|Any CPU
		{82A1C0A5-7492-76F3-8D9F-6A95F86D90CD}.Release|x86.Build.0 = Release|Any CPU
	EndGlobalSection
	GlobalSection(SolutionProperties) = preSolution
		HideSolutionNode = FALSE
	EndGlobalSection
	GlobalSection(ExtensibilityGlobals) = postSolution
		SolutionGuid = {4EEF08AD-46E8-4366-95DD-638BE8DE1BC3}
	EndGlobalSection
EndGlobal
